{
  "name": "IT Finale",
  "lockfileVersion": 2,
  "requires": true,
  "packages": {
    "": {
      "dependencies": {
        "tsparticles-engine": "^2.8.0"
      }
    },
    "node_modules/tsparticles-engine": {
      "version": "2.8.0",
      "resolved": "https://registry.npmjs.org/tsparticles-engine/-/tsparticles-engine-2.8.0.tgz",
      "integrity": "sha512-r0cWKxefQkQCzU+RRG/82VQnl/fAkws27EuYIOKcnHiYsWnZYcX8iPiQs/qgDajP0haBSn4Vui8UbTCAwSFniw==",
      "funding": [
        {
          "type": "github",
          "url": "https://github.com/sponsors/matteobruni"
        },
        {
          "type": "buymeacoffee",
          "url": "https://www.buymeacoffee.com/matteobruni"
        }
      ],
      "hasInstallScript": true
    }
  },
  "dependencies": {
    "tsparticles-engine": {
      "version": "2.8.0",
      "resolved": "https://registry.npmjs.org/tsparticles-engine/-/tsparticles-engine-2.8.0.tgz",
      "integrity": "sha512-r0cWKxefQkQCzU+RRG/82VQnl/fAkws27EuYIOKcnHiYsWnZYcX8iPiQs/qgDajP0haBSn4Vui8UbTCAwSFniw=="
    }
  }
}
