# THIS IS AN AUTOGENERATED FILE. DO NOT EDIT THIS FILE DIRECTLY.
# yarn lockfile v1


tsparticles-engine@^2.9.0:
  version "2.9.0"
  resolved "https://registry.npmjs.org/tsparticles-engine/-/tsparticles-engine-2.9.0.tgz"
  integrity sha512-KpoglV8LF/yoN2FRdT6AgkFRlylR+Trj7JHZkb8Vfsf669DwLhVt6jCZ62edPrA7eW+gJmCyU93c6m5Y7k0AHA==

yarn@^1.22.19:
  version "1.22.19"
  resolved "https://registry.npmjs.org/yarn/-/yarn-1.22.19.tgz"
  integrity sha512-/0V5q0WbslqnwP91tirOvldvYISzaqhClxzyUKXYxs07yUILIs5jx/k6CFe8bvKSkds5w+eiOqta39Wk3WxdcQ==
