# THIS IS AN AUTOGENERATED FILE. DO NOT EDIT THIS FILE DIRECTLY.
# yarn lockfile v1


bootstrap@^5.3.0-alpha1:
  version "5.3.0-alpha1"
  resolved "https://registry.yarnpkg.com/bootstrap/-/bootstrap-5.3.0-alpha1.tgz#380629c4367893f02f7879a01ea3ae0f94e2e70e"
  integrity sha512-ABZpKK4ObS3kKlIqH+ZVDqoy5t/bhFG0oHTAzByUdon7YIom0lpCeTqRniDzJmbtcWkNe800VVPBiJgxSYTYew==

tsparticles-engine@^2.8.0:
  version "2.9.3"
  resolved "https://registry.yarnpkg.com/tsparticles-engine/-/tsparticles-engine-2.9.3.tgz#c521edd951df2520bd0a8aa76dbbe1b0b183094a"
  integrity sha512-iAD8LyRH//kx10fDMm6AfQV6dRHs1ZacUUHqVwfutcqM4x1IV2ygpjk0X87LKCnBxYeIMG78+tlxXpnpwUccOg==
